NeoBundleLock badwolf 834fbe93d1648894124fea1b281c2649c3df587d
NeoBundleLock emmet-vim 5442207ccb4468ee511a3ae5aa4d81839b247d24
NeoBundleLock html5.vim fc64e3d0de438a02dcfbe9d6fc7d73dbf721ce21
NeoBundleLock jedi-vim ac6756a4661ce9eded8a9d3abe5fad2428b90102
NeoBundleLock lightline.vim a63a00d548fd20457a4f31d31fb9c8fe8a7ebc2a
NeoBundleLock molokai c67bdfcdb31415aa0ade7f8c003261700a885476
NeoBundleLock neobundle.vim c6fa48cd665071b7a4dbf5ab53f48cd5884716ee
NeoBundleLock neocomplete.vim 9617d825c0d4acdb18aec903e9c1c0443058d18b
NeoBundleLock nerdtree 281701021c5001332a862da80175bf585d24e2e8
NeoBundleLock open-browser.vim a3d9bba498c610a2bb1029fd51a3ac3b6b144147
NeoBundleLock syntastic 6fb14d624b6081459360fdbba743f82cf84c8f92
NeoBundleLock vim-autoclose a9a3b7384657bc1f60a963fd6c08c63fc48d61c3
NeoBundleLock vim-browsereload-mac b73cc98c18c28869ed99562f6a3c142cb2906029
NeoBundleLock vim-css3-syntax 52ac61ae9b27242315897c648475b6e6250d43b6
NeoBundleLock vim-flake8 91818a7d5f5a0af5139e9adfedc9d00fa963e699
NeoBundleLock vim-javascript-syntax 6222b85824cb38f169d0c99cc586daa55d8ec01c
NeoBundleLock vim-python-pep8-indent 8b215aac0192f74b5aeb6ae5a2e1766db2ebecb8
NeoBundleLock vim-trailing-whitespace 733fb64337b6da4a51c85a43450cd620d8b617b5
